{
  "name": "leaf-logger",
  "version": "3.0.0",
  "lockfileVersion": 1,
  "requires": true,
  "dependencies": {
    "colors": {
      "version": "1.2.1",
      "resolved": "https://registry.npmjs.org/colors/-/colors-1.2.1.tgz",
      "integrity": "sha512-s8+wktIuDSLffCywiwSxQOMqtPxML11a/dtHE17tMn4B1MSWw/C22EKf7M2KGUBcDaVFEGT+S8N02geDXeuNKg=="
    },
    "dateformat": {
      "version": "3.0.3",
      "resolved": "https://registry.npmjs.org/dateformat/-/dateformat-3.0.3.tgz",
      "integrity": "sha512-jyCETtSl3VMZMWeRo7iY1FL19ges1t55hMo5yaam4Jrsm5EPL89UQkoQRyiI+Yf4k8r2ZpdngkV8hr1lIdjb3Q=="
    }
  }
}
